lockfileVersion: '9.0'

settings:
  autoInstallPeers: true
  excludeLinksFromLockfile: false

importers:

  .:
    dependencies:
      '-':
        specifier: ^0.0.1
        version: 0.0.1
      '@openzeppelin/contracts':
        specifier: ^5.4.0
        version: 5.4.0
      yarn:
        specifier: ^1.22.22
        version: 1.22.22

packages:

  '-@0.0.1':
    resolution: {integrity: sha512-3HfneK3DGAm05fpyj20sT3apkNcvPpCuccOThOPdzz8sY7GgQGe0l93XH9bt+YzibcTIgUAIMoyVJI740RtgyQ==}

  '@openzeppelin/contracts@5.4.0':
    resolution: {integrity: sha512-eCYgWnLg6WO+X52I16TZt8uEjbtdkgLC0SUX/xnAksjjrQI4Xfn4iBRoI5j55dmlOhDv1Y7BoR3cU7e3WWhC6A==}

  yarn@1.22.22:
    resolution: {integrity: sha512-prL3kGtyG7o9Z9Sv8IPfBNrWTDmXB4Qbes8A9rEzt6wkJV8mUvoirjU0Mp3GGAU06Y0XQyA3/2/RQFVuK7MTfg==}
    engines: {node: '>=4.0.0'}
    hasBin: true

snapshots:

  '-@0.0.1': {}

  '@openzeppelin/contracts@5.4.0': {}

  yarn@1.22.22: {}
